<Solution>
  <Folder Name="/src/">
    <Project Path="src/Lyric.Core/Lyric.Core.csproj" />
    <Project Path="src/Lyric.Frontend/Lyric.Frontend.csproj" />
    <Project Path="src/Lyric.Lsp/Lyric.Lsp.csproj" />
    <Project Path="src/Lyric5/Lyric5.csproj" />
    <Project Path="src/Lyric5.Compiler/Lyric5.Compiler.csproj" />
    <Project Path="src/Lyric5.Toolchain/Lyric5.Toolchain.csproj" />
  </Folder>
  <Folder Name="/tests/">
    <Project Path="tests/Lyric.Tests.Core/Lyric.Tests.Core.csproj" />
    <Project Path="tests/Lyric5.Tests/Lyric5.Tests.csproj" />
    <Project Path="tests/Lyric.Tests.Lexing/Lyric.Tests.Lexing.csproj" />
    <Project Path="tests/Lyric.Tests.Parsing/Lyric.Tests.Parsing.csproj" />
    <Project Path="tests/Lyric.Tests.Resolver/Lyric.Tests.Resolver.csproj" />
    <Project Path="tests/Lyric.Tests.Sema/Lyric.Tests.Sema.csproj" />
    <Project Path="tests/Lyric.Tests.Ir/Lyric.Tests.Ir.csproj" />
    <Project Path="tests/Lyric.Tests.Formatting/Lyric.Tests.Formatting.csproj" />
    <Project Path="tests/Lyric.Tests.Lsp/Lyric.Tests.Lsp.csproj" />
    <Project Path="tests/Lyric.Tests.DocGen/Lyric.Tests.DocGen.csproj" />
  </Folder>
  <Folder Name="/tools/">
    <Project Path="tools/DocGen/DocGen.csproj" />
  </Folder>
</Solution>
